
Microsoft Visual Studio Solution File, Format Version 12.00
# Visual Studio Version 17
VisualStudioVersion = 17.8.34525.116
MinimumVisualStudioVersion = 10.0.40219.1
Project("{9A19103F-16F7-4668-BE54-9A1E7A4F7556}") = "InventoryManager.API", "InventoryManager.API\InventoryManager.API.csproj", "{1320386B-EB73-4076-84D5-0C0701CBB1D1}"
EndProject
Project("{9A19103F-16F7-4668-BE54-9A1E7A4F7556}") = "InventoryManager.UI", "InventoryManager.UI\InventoryManager.UI.csproj", "{530D44DE-4272-4B23-B697-45236EF25FE8}"
EndProject
Global
	GlobalSection(SolutionConfigurationPlatforms) = preSolution
		Debug|Any CPU = Debug|Any CPU
		Release|Any CPU = Release|Any CPU
	EndGlobalSection
	GlobalSection(ProjectConfigurationPlatforms) = postSolution
		{1320386B-EB73-4076-84D5-0C0701CBB1D1}.Debug|Any CPU.ActiveCfg = Debug|Any CPU
		{1320386B-EB73-4076-84D5-0C0701CBB1D1}.Debug|Any CPU.Build.0 = Debug|Any CPU
		{1320386B-EB73-4076-84D5-0C0701CBB1D1}.Release|Any CPU.ActiveCfg = Release|Any CPU
		{1320386B-EB73-4076-84D5-0C0701CBB1D1}.Release|Any CPU.Build.0 = Release|Any CPU
		{530D44DE-4272-4B23-B697-45236EF25FE8}.Debug|Any CPU.ActiveCfg = Debug|Any CPU
		{530D44DE-4272-4B23-B697-45236EF25FE8}.Debug|Any CPU.Build.0 = Debug|Any CPU
		{530D44DE-4272-4B23-B697-45236EF25FE8}.Release|Any CPU.ActiveCfg = Release|Any CPU
		{530D44DE-4272-4B23-B697-45236EF25FE8}.Release|Any CPU.Build.0 = Release|Any CPU
	EndGlobalSection
	GlobalSection(SolutionProperties) = preSolution
		HideSolutionNode = FALSE
	EndGlobalSection
	GlobalSection(ExtensibilityGlobals) = postSolution
		SolutionGuid = {8C09E9AC-9C12-4D7B-B40E-33B5E2F8C0AB}
	EndGlobalSection
EndGlobal
